{
  "requires": true,
  "lockfileVersion": 1,
  "dependencies": {
    "framevuerk": {
      "version": "2.4.2",
      "resolved": "https://registry.npmjs.org/framevuerk/-/framevuerk-2.4.2.tgz",
      "integrity": "sha512-FDMwd+7yhJp/OcpaYuSoZi096x/pzEn4BtxQC9jbmBeAfHE2GQJu3i6PtJL2mTRe32kaI00NiSpC8ACoZFCf6w=="
    },
    "vue": {
      "version": "2.6.12",
      "resolved": "https://registry.npmjs.org/vue/-/vue-2.6.12.tgz",
      "integrity": "sha512-uhmLFETqPPNyuLLbsKz6ioJ4q7AZHzD8ZVFNATNyICSZouqP2Sz0rotWQC8UNBF6VGSCs5abnKJoStA6JbCbfg=="
    }
  }
}
